
Microsoft Visual Studio Solution File, Format Version 12.00
# Visual Studio Version 16
VisualStudioVersion = 16.0.32510.428
MinimumVisualStudioVersion = 10.0.40219.1
Project("{FAE04EC0-301F-11D3-BF4B-00C04F79EFBC}") = "TeheMan X4 Editor", "TeheManX4\TeheMan X4 Editor.csproj", "{35758999-D223-4640-84D0-0BBE53AC2164}"
EndProject
Global
	GlobalSection(SolutionConfigurationPlatforms) = preSolution
		Debug|Any CPU = Debug|Any CPU
		Release|Any CPU = Release|Any CPU
	EndGlobalSection
	GlobalSection(ProjectConfigurationPlatforms) = postSolution
		{35758999-D223-4640-84D0-0BBE53AC2164}.Debug|Any CPU.ActiveCfg = Debug|Any CPU
		{35758999-D223-4640-84D0-0BBE53AC2164}.Debug|Any CPU.Build.0 = Debug|Any CPU
		{35758999-D223-4640-84D0-0BBE53AC2164}.Release|Any CPU.ActiveCfg = Release|Any CPU
		{35758999-D223-4640-84D0-0BBE53AC2164}.Release|Any CPU.Build.0 = Release|Any CPU
	EndGlobalSection
	GlobalSection(SolutionProperties) = preSolution
		HideSolutionNode = FALSE
	EndGlobalSection
	GlobalSection(ExtensibilityGlobals) = postSolution
		SolutionGuid = {40FB740C-3429-459C-9514-B28BFB9FE7F5}
	EndGlobalSection
EndGlobal
